
Microsoft Visual Studio Solution File, Format Version 12.00
# Visual Studio 15
VisualStudioVersion = 15.0.28307.705
MinimumVisualStudioVersion = 10.0.40219.1
Project("{FAE04EC0-301F-11D3-BF4B-00C04F79EFBC}") = "Elm-Lodge-Kennels", "Elm-Lodge-Kennels\Elm-Lodge-Kennels.csproj", "{F1EB2DEC-BF3E-44E3-A473-44E3585BDE67}"
EndProject
Global
	GlobalSection(SolutionConfigurationPlatforms) = preSolution
		Debug|Any CPU = Debug|Any CPU
		Release|Any CPU = Release|Any CPU
	EndGlobalSection
	GlobalSection(ProjectConfigurationPlatforms) = postSolution
		{F1EB2DEC-BF3E-44E3-A473-44E3585BDE67}.Debug|Any CPU.ActiveCfg = Debug|Any CPU
		{F1EB2DEC-BF3E-44E3-A473-44E3585BDE67}.Debug|Any CPU.Build.0 = Debug|Any CPU
		{F1EB2DEC-BF3E-44E3-A473-44E3585BDE67}.Release|Any CPU.ActiveCfg = Release|Any CPU
		{F1EB2DEC-BF3E-44E3-A473-44E3585BDE67}.Release|Any CPU.Build.0 = Release|Any CPU
	EndGlobalSection
	GlobalSection(SolutionProperties) = preSolution
		HideSolutionNode = FALSE
	EndGlobalSection
	GlobalSection(ExtensibilityGlobals) = postSolution
		SolutionGuid = {2E133789-115D-48F3-81C5-0B743BA149B0}
	EndGlobalSection
EndGlobal
